
Microsoft Visual Studio Solution File, Format Version 12.00
# Visual Studio 15
VisualStudioVersion = 15.0.28307.136
MinimumVisualStudioVersion = 10.0.40219.1
Project("{F184B08F-C81C-45F6-A57F-5ABD9991F28F}") = "WindowsForm", "WindowsForm\WindowsForm.vbproj", "{A515F1B1-4BE3-4656-9777-951FA2DF8184}"
EndProject
Global
	GlobalSection(SolutionConfigurationPlatforms) = preSolution
		Debug|Any CPU = Debug|Any CPU
		Release|Any CPU = Release|Any CPU
	EndGlobalSection
	GlobalSection(ProjectConfigurationPlatforms) = postSolution
		{A515F1B1-4BE3-4656-9777-951FA2DF8184}.Debug|Any CPU.ActiveCfg = Debug|Any CPU
		{A515F1B1-4BE3-4656-9777-951FA2DF8184}.Debug|Any CPU.Build.0 = Debug|Any CPU
		{A515F1B1-4BE3-4656-9777-951FA2DF8184}.Release|Any CPU.ActiveCfg = Release|Any CPU
		{A515F1B1-4BE3-4656-9777-951FA2DF8184}.Release|Any CPU.Build.0 = Release|Any CPU
	EndGlobalSection
	GlobalSection(SolutionProperties) = preSolution
		HideSolutionNode = FALSE
	EndGlobalSection
	GlobalSection(ExtensibilityGlobals) = postSolution
		SolutionGuid = {A8AC6D1B-B225-49D6-9852-535F505B65AF}
	EndGlobalSection
EndGlobal
